
Microsoft Visual Studio Solution File, Format Version 12.00
# Visual Studio 2012
Project("{FAE04EC0-301F-11D3-BF4B-00C04F79EFBC}") = "MS2000WEB", "MS2000WEB\MS2000WEB.csproj", "{1DA57AA8-E95A-4C90-8D7A-9B0AAF815832}"
EndProject
Project("{FAE04EC0-301F-11D3-BF4B-00C04F79EFBC}") = "MS2000WEB.Tests", "MS2000WEB.Tests\MS2000WEB.Tests.csproj", "{3FC38055-6FF7-480E-B08F-173711708486}"
EndProject
Global
	GlobalSection(TeamFoundationVersionControl) = preSolution
		SccNumberOfProjects = 3
		SccEnterpriseProvider = {4CA58AB2-18FA-4F8D-95D4-32DDF27D184C}
		SccTeamFoundationServer = http://mssql00:8080/tfs/tfs_defaultcollection
		SccLocalPath0 = .
		SccProjectUniqueName1 = MS2000WEB.Tests\\MS2000WEB.Tests.csproj
		SccProjectName1 = MS2000WEB.Tests
		SccLocalPath1 = MS2000WEB.Tests
		SccProjectUniqueName2 = MS2000WEB\\MS2000WEB.csproj
		SccProjectName2 = MS2000WEB
		SccLocalPath2 = MS2000WEB
	EndGlobalSection
	GlobalSection(SolutionConfigurationPlatforms) = preSolution
		Debug|Any CPU = Debug|Any CPU
		Release|Any CPU = Release|Any CPU
	EndGlobalSection
	GlobalSection(ProjectConfigurationPlatforms) = postSolution
		{1DA57AA8-E95A-4C90-8D7A-9B0AAF815832}.Debug|Any CPU.ActiveCfg = Debug|Any CPU
		{1DA57AA8-E95A-4C90-8D7A-9B0AAF815832}.Debug|Any CPU.Build.0 = Debug|Any CPU
		{1DA57AA8-E95A-4C90-8D7A-9B0AAF815832}.Release|Any CPU.ActiveCfg = Release|Any CPU
		{1DA57AA8-E95A-4C90-8D7A-9B0AAF815832}.Release|Any CPU.Build.0 = Release|Any CPU
		{3FC38055-6FF7-480E-B08F-173711708486}.Debug|Any CPU.ActiveCfg = Debug|Any CPU
		{3FC38055-6FF7-480E-B08F-173711708486}.Debug|Any CPU.Build.0 = Debug|Any CPU
		{3FC38055-6FF7-480E-B08F-173711708486}.Release|Any CPU.ActiveCfg = Release|Any CPU
		{3FC38055-6FF7-480E-B08F-173711708486}.Release|Any CPU.Build.0 = Release|Any CPU
	EndGlobalSection
	GlobalSection(SolutionProperties) = preSolution
		HideSolutionNode = FALSE
	EndGlobalSection
EndGlobal
