
Microsoft Visual Studio Solution File, Format Version 12.00
# Visual Studio 2012
Project("{FAE04EC0-301F-11D3-BF4B-00C04F79EFBC}") = "MS2000Web", "MS2000Web\MS2000Web.csproj", "{4272EB5F-E578-4AB5-BA3A-521F722FBBDB}"
EndProject
Global
	GlobalSection(TeamFoundationVersionControl) = preSolution
		SccNumberOfProjects = 2
		SccEnterpriseProvider = {4CA58AB2-18FA-4F8D-95D4-32DDF27D184C}
		SccTeamFoundationServer = http://mssql00:8080/tfs/tfs_defaultcollection
		SccLocalPath0 = .
		SccProjectUniqueName1 = MS2000Web\\MS2000Web.csproj
		SccProjectName1 = MS2000Web
		SccLocalPath1 = MS2000Web
	EndGlobalSection
	GlobalSection(SolutionConfigurationPlatforms) = preSolution
		Debug|Any CPU = Debug|Any CPU
		Release|Any CPU = Release|Any CPU
	EndGlobalSection
	GlobalSection(ProjectConfigurationPlatforms) = postSolution
		{4272EB5F-E578-4AB5-BA3A-521F722FBBDB}.Debug|Any CPU.ActiveCfg = Debug|Any CPU
		{4272EB5F-E578-4AB5-BA3A-521F722FBBDB}.Debug|Any CPU.Build.0 = Debug|Any CPU
		{4272EB5F-E578-4AB5-BA3A-521F722FBBDB}.Release|Any CPU.ActiveCfg = Release|Any CPU
		{4272EB5F-E578-4AB5-BA3A-521F722FBBDB}.Release|Any CPU.Build.0 = Release|Any CPU
	EndGlobalSection
	GlobalSection(SolutionProperties) = preSolution
		HideSolutionNode = FALSE
	EndGlobalSection
EndGlobal
