
Microsoft Visual Studio Solution File, Format Version 12.00
# Visual Studio 2012
Project("{FAE04EC0-301F-11D3-BF4B-00C04F79EFBC}") = "Avaliacao.Gerenciador", "Avaliacao.Gerenciador\Avaliacao.Gerenciador.csproj", "{840A1514-3598-4535-B4D6-82BF54AE2574}"
EndProject
Project("{FAE04EC0-301F-11D3-BF4B-00C04F79EFBC}") = "Avaliacao.Questionario", "Avaliacao.Questionario\Avaliacao.Questionario.csproj", "{0664327B-FA6E-44FC-ADC5-C054342C864A}"
EndProject
Global
	GlobalSection(TeamFoundationVersionControl) = preSolution
		SccNumberOfProjects = 3
		SccEnterpriseProvider = {4CA58AB2-18FA-4F8D-95D4-32DDF27D184C}
		SccTeamFoundationServer = http://mssql00:8080/tfs/tfs_defaultcollection
		SccLocalPath0 = .
		SccProjectUniqueName1 = Avaliacao.Gerenciador\\Avaliacao.Gerenciador.csproj
		SccProjectName1 = Avaliacao.Gerenciador
		SccLocalPath1 = Avaliacao.Gerenciador
		SccProjectUniqueName2 = Avaliacao.Questionario\\Avaliacao.Questionario.csproj
		SccProjectName2 = Avaliacao.Questionario
		SccLocalPath2 = Avaliacao.Questionario
	EndGlobalSection
	GlobalSection(SolutionConfigurationPlatforms) = preSolution
		Debug|Any CPU = Debug|Any CPU
		Release|Any CPU = Release|Any CPU
	EndGlobalSection
	GlobalSection(ProjectConfigurationPlatforms) = postSolution
		{840A1514-3598-4535-B4D6-82BF54AE2574}.Debug|Any CPU.ActiveCfg = Debug|Any CPU
		{840A1514-3598-4535-B4D6-82BF54AE2574}.Debug|Any CPU.Build.0 = Debug|Any CPU
		{840A1514-3598-4535-B4D6-82BF54AE2574}.Release|Any CPU.ActiveCfg = Release|Any CPU
		{840A1514-3598-4535-B4D6-82BF54AE2574}.Release|Any CPU.Build.0 = Release|Any CPU
		{0664327B-FA6E-44FC-ADC5-C054342C864A}.Debug|Any CPU.ActiveCfg = Debug|Any CPU
		{0664327B-FA6E-44FC-ADC5-C054342C864A}.Debug|Any CPU.Build.0 = Debug|Any CPU
		{0664327B-FA6E-44FC-ADC5-C054342C864A}.Release|Any CPU.ActiveCfg = Release|Any CPU
		{0664327B-FA6E-44FC-ADC5-C054342C864A}.Release|Any CPU.Build.0 = Release|Any CPU
	EndGlobalSection
	GlobalSection(SolutionProperties) = preSolution
		HideSolutionNode = FALSE
	EndGlobalSection
EndGlobal
